
Microsoft Visual Studio Solution File, Format Version 12.00
# Visual Studio 15
VisualStudioVersion = 15.0.28307.106
MinimumVisualStudioVersion = 10.0.40219.1
Project("{FAE04EC0-301F-11D3-BF4B-00C04F79EFBC}") = "HolidayOptimizer", "HolidayOptimizer\HolidayOptimizer.csproj", "{DC3BE3F5-7D91-40B1-8E91-E4F8055AC7E2}"
EndProject
Project("{FAE04EC0-301F-11D3-BF4B-00C04F79EFBC}") = "HolidayOptimizer.UnitTests", "HolidayOptimizer.UnitTests\HolidayOptimizer.UnitTests.csproj", "{47843DBA-2780-4099-88A7-94EC41E68E25}"
EndProject
Global
	GlobalSection(SolutionConfigurationPlatforms) = preSolution
		Debug|Any CPU = Debug|Any CPU
		Release|Any CPU = Release|Any CPU
	EndGlobalSection
	GlobalSection(ProjectConfigurationPlatforms) = postSolution
		{DC3BE3F5-7D91-40B1-8E91-E4F8055AC7E2}.Debug|Any CPU.ActiveCfg = Debug|Any CPU
		{DC3BE3F5-7D91-40B1-8E91-E4F8055AC7E2}.Debug|Any CPU.Build.0 = Debug|Any CPU
		{DC3BE3F5-7D91-40B1-8E91-E4F8055AC7E2}.Release|Any CPU.ActiveCfg = Release|Any CPU
		{DC3BE3F5-7D91-40B1-8E91-E4F8055AC7E2}.Release|Any CPU.Build.0 = Release|Any CPU
		{47843DBA-2780-4099-88A7-94EC41E68E25}.Debug|Any CPU.ActiveCfg = Debug|Any CPU
		{47843DBA-2780-4099-88A7-94EC41E68E25}.Debug|Any CPU.Build.0 = Debug|Any CPU
		{47843DBA-2780-4099-88A7-94EC41E68E25}.Release|Any CPU.ActiveCfg = Release|Any CPU
		{47843DBA-2780-4099-88A7-94EC41E68E25}.Release|Any CPU.Build.0 = Release|Any CPU
	EndGlobalSection
	GlobalSection(SolutionProperties) = preSolution
		HideSolutionNode = FALSE
	EndGlobalSection
	GlobalSection(ExtensibilityGlobals) = postSolution
		SolutionGuid = {31AE0326-B57D-4F12-A51B-86186593AB7A}
	EndGlobalSection
EndGlobal
